
Microsoft Visual Studio Solution File, Format Version 10.00
# Visual Studio 2008
Project("{FAE04EC0-301F-11D3-BF4B-00C04F79EFBC}") = "Gestion", "Gestion\Gestion.csproj", "{12D7C7B7-06C7-4EE8-8D4D-EE27EFC78820}"
	ProjectSection(ProjectDependencies) = postProject
		{E6A3721C-D40E-4E0C-AC56-85FB6367D542} = {E6A3721C-D40E-4E0C-AC56-85FB6367D542}
		{1D35F4F5-8C57-4F72-9EA5-A7551DF99EE2} = {1D35F4F5-8C57-4F72-9EA5-A7551DF99EE2}
	EndProjectSection
EndProject
Project("{FAE04EC0-301F-11D3-BF4B-00C04F79EFBC}") = "Core", "Core\Core.csproj", "{1D35F4F5-8C57-4F72-9EA5-A7551DF99EE2}"
EndProject
Project("{FAE04EC0-301F-11D3-BF4B-00C04F79EFBC}") = "Presentador", "Presentador\Presentador.csproj", "{E6A3721C-D40E-4E0C-AC56-85FB6367D542}"
EndProject
Global
	GlobalSection(SubversionScc) = preSolution
		Svn-Managed = True
		Manager = AnkhSVN - Subversion Support for Visual Studio
	EndGlobalSection
	GlobalSection(SolutionConfigurationPlatforms) = preSolution
		Debug|Any CPU = Debug|Any CPU
		Release|Any CPU = Release|Any CPU
	EndGlobalSection
	GlobalSection(ProjectConfigurationPlatforms) = postSolution
		{12D7C7B7-06C7-4EE8-8D4D-EE27EFC78820}.Debug|Any CPU.ActiveCfg = Debug|Any CPU
		{12D7C7B7-06C7-4EE8-8D4D-EE27EFC78820}.Debug|Any CPU.Build.0 = Debug|Any CPU
		{12D7C7B7-06C7-4EE8-8D4D-EE27EFC78820}.Release|Any CPU.ActiveCfg = Release|Any CPU
		{12D7C7B7-06C7-4EE8-8D4D-EE27EFC78820}.Release|Any CPU.Build.0 = Release|Any CPU
		{1D35F4F5-8C57-4F72-9EA5-A7551DF99EE2}.Debug|Any CPU.ActiveCfg = Debug|Any CPU
		{1D35F4F5-8C57-4F72-9EA5-A7551DF99EE2}.Debug|Any CPU.Build.0 = Debug|Any CPU
		{1D35F4F5-8C57-4F72-9EA5-A7551DF99EE2}.Release|Any CPU.ActiveCfg = Release|Any CPU
		{1D35F4F5-8C57-4F72-9EA5-A7551DF99EE2}.Release|Any CPU.Build.0 = Release|Any CPU
		{E6A3721C-D40E-4E0C-AC56-85FB6367D542}.Debug|Any CPU.ActiveCfg = Debug|Any CPU
		{E6A3721C-D40E-4E0C-AC56-85FB6367D542}.Debug|Any CPU.Build.0 = Debug|Any CPU
		{E6A3721C-D40E-4E0C-AC56-85FB6367D542}.Release|Any CPU.ActiveCfg = Release|Any CPU
		{E6A3721C-D40E-4E0C-AC56-85FB6367D542}.Release|Any CPU.Build.0 = Release|Any CPU
	EndGlobalSection
	GlobalSection(SolutionProperties) = preSolution
		HideSolutionNode = FALSE
	EndGlobalSection
EndGlobal
