
Microsoft Visual Studio Solution File, Format Version 10.00
# Visual Studio 2008
Project("{FAE04EC0-301F-11D3-BF4B-00C04F79EFBC}") = "Presentador", "Web\Presentador\Presentador.csproj", "{7C472447-ACA3-4627-9E00-8879527FECCC}"
	ProjectSection(ProjectDependencies) = postProject
		{8E9A7DB7-6693-4068-83B6-F9271D44BB2F} = {8E9A7DB7-6693-4068-83B6-F9271D44BB2F}
	EndProjectSection
EndProject
Project("{E24C65DC-7377-472B-9ABA-BC803B73C61A}") = "Site1", "Web\Site1\", "{21404306-33B2-471F-84F7-B49F58EB8F0F}"
	ProjectSection(WebsiteProperties) = preProject
		SccProjectName = ""
		SccAuxPath = ""
		SccLocalPath = ""
		SccProvider = ""
		TargetFramework = "3.5"
		ProjectReferences = "{7C472447-ACA3-4627-9E00-8879527FECCC}|Presentador.dll;{8E9A7DB7-6693-4068-83B6-F9271D44BB2F}|Core.dll;"
		Debug.AspNetCompiler.VirtualPath = "/Site1"
		Debug.AspNetCompiler.PhysicalPath = "Web\Site1\"
		Debug.AspNetCompiler.TargetPath = "PrecompiledWeb\Site1\"
		Debug.AspNetCompiler.Updateable = "true"
		Debug.AspNetCompiler.ForceOverwrite = "true"
		Debug.AspNetCompiler.FixedNames = "false"
		Debug.AspNetCompiler.Debug = "True"
		Release.AspNetCompiler.VirtualPath = "/Site1"
		Release.AspNetCompiler.PhysicalPath = "Web\Site1\"
		Release.AspNetCompiler.TargetPath = "PrecompiledWeb\Site1\"
		Release.AspNetCompiler.Updateable = "true"
		Release.AspNetCompiler.ForceOverwrite = "true"
		Release.AspNetCompiler.FixedNames = "false"
		Release.AspNetCompiler.Debug = "False"
		VWDPort = "50435"
	EndProjectSection
	ProjectSection(ProjectDependencies) = postProject
		{8E9A7DB7-6693-4068-83B6-F9271D44BB2F} = {8E9A7DB7-6693-4068-83B6-F9271D44BB2F}
	EndProjectSection
EndProject
Project("{FAE04EC0-301F-11D3-BF4B-00C04F79EFBC}") = "Core", "Core\Core.csproj", "{8E9A7DB7-6693-4068-83B6-F9271D44BB2F}"
EndProject
Global
	GlobalSection(SubversionScc) = preSolution
		Svn-Managed = True
		Manager = AnkhSVN - Subversion Support for Visual Studio
	EndGlobalSection
	GlobalSection(SolutionConfigurationPlatforms) = preSolution
		Debug|.NET = Debug|.NET
		Debug|Any CPU = Debug|Any CPU
		Debug|Mixed Platforms = Debug|Mixed Platforms
		Release|.NET = Release|.NET
		Release|Any CPU = Release|Any CPU
		Release|Mixed Platforms = Release|Mixed Platforms
	EndGlobalSection
	GlobalSection(ProjectConfigurationPlatforms) = postSolution
		{7C472447-ACA3-4627-9E00-8879527FECCC}.Debug|.NET.ActiveCfg = Debug|Any CPU
		{7C472447-ACA3-4627-9E00-8879527FECCC}.Debug|Any CPU.ActiveCfg = Debug|Any CPU
		{7C472447-ACA3-4627-9E00-8879527FECCC}.Debug|Any CPU.Build.0 = Debug|Any CPU
		{7C472447-ACA3-4627-9E00-8879527FECCC}.Debug|Mixed Platforms.ActiveCfg = Debug|Any CPU
		{7C472447-ACA3-4627-9E00-8879527FECCC}.Debug|Mixed Platforms.Build.0 = Debug|Any CPU
		{7C472447-ACA3-4627-9E00-8879527FECCC}.Release|.NET.ActiveCfg = Release|Any CPU
		{7C472447-ACA3-4627-9E00-8879527FECCC}.Release|Any CPU.ActiveCfg = Release|Any CPU
		{7C472447-ACA3-4627-9E00-8879527FECCC}.Release|Any CPU.Build.0 = Release|Any CPU
		{7C472447-ACA3-4627-9E00-8879527FECCC}.Release|Mixed Platforms.ActiveCfg = Release|Any CPU
		{7C472447-ACA3-4627-9E00-8879527FECCC}.Release|Mixed Platforms.Build.0 = Release|Any CPU
		{21404306-33B2-471F-84F7-B49F58EB8F0F}.Debug|.NET.ActiveCfg = Debug|.NET
		{21404306-33B2-471F-84F7-B49F58EB8F0F}.Debug|.NET.Build.0 = Debug|.NET
		{21404306-33B2-471F-84F7-B49F58EB8F0F}.Debug|Any CPU.ActiveCfg = Debug|.NET
		{21404306-33B2-471F-84F7-B49F58EB8F0F}.Debug|Mixed Platforms.ActiveCfg = Debug|.NET
		{21404306-33B2-471F-84F7-B49F58EB8F0F}.Debug|Mixed Platforms.Build.0 = Debug|.NET
		{21404306-33B2-471F-84F7-B49F58EB8F0F}.Release|.NET.ActiveCfg = Debug|.NET
		{21404306-33B2-471F-84F7-B49F58EB8F0F}.Release|.NET.Build.0 = Debug|.NET
		{21404306-33B2-471F-84F7-B49F58EB8F0F}.Release|Any CPU.ActiveCfg = Debug|.NET
		{21404306-33B2-471F-84F7-B49F58EB8F0F}.Release|Mixed Platforms.ActiveCfg = Debug|.NET
		{21404306-33B2-471F-84F7-B49F58EB8F0F}.Release|Mixed Platforms.Build.0 = Debug|.NET
		{8E9A7DB7-6693-4068-83B6-F9271D44BB2F}.Debug|.NET.ActiveCfg = Debug|Any CPU
		{8E9A7DB7-6693-4068-83B6-F9271D44BB2F}.Debug|Any CPU.ActiveCfg = Debug|Any CPU
		{8E9A7DB7-6693-4068-83B6-F9271D44BB2F}.Debug|Any CPU.Build.0 = Debug|Any CPU
		{8E9A7DB7-6693-4068-83B6-F9271D44BB2F}.Debug|Mixed Platforms.ActiveCfg = Debug|Any CPU
		{8E9A7DB7-6693-4068-83B6-F9271D44BB2F}.Debug|Mixed Platforms.Build.0 = Debug|Any CPU
		{8E9A7DB7-6693-4068-83B6-F9271D44BB2F}.Release|.NET.ActiveCfg = Release|Any CPU
		{8E9A7DB7-6693-4068-83B6-F9271D44BB2F}.Release|Any CPU.ActiveCfg = Release|Any CPU
		{8E9A7DB7-6693-4068-83B6-F9271D44BB2F}.Release|Any CPU.Build.0 = Release|Any CPU
		{8E9A7DB7-6693-4068-83B6-F9271D44BB2F}.Release|Mixed Platforms.ActiveCfg = Release|Any CPU
		{8E9A7DB7-6693-4068-83B6-F9271D44BB2F}.Release|Mixed Platforms.Build.0 = Release|Any CPU
	EndGlobalSection
	GlobalSection(SolutionProperties) = preSolution
		HideSolutionNode = FALSE
	EndGlobalSection
EndGlobal
